
Microsoft Visual Studio Solution File, Format Version 12.00
# Visual Studio Version 16
VisualStudioVersion = 16.0.30330.147
MinimumVisualStudioVersion = 10.0.40219.1
Project("{9A19103F-16F7-4668-BE54-9A1E7A4F7556}") = "AdvancedThief", "AdvancedThief.csproj", "{8FB43051-BDA6-4093-BB20-CC47DA44897B}"
EndProject
Global
	GlobalSection(SolutionConfigurationPlatforms) = preSolution
		Debug|Any CPU = Debug|Any CPU
		Release|Any CPU = Release|Any CPU
	EndGlobalSection
	GlobalSection(ProjectConfigurationPlatforms) = postSolution
		{8FB43051-BDA6-4093-BB20-CC47DA44897B}.Debug|Any CPU.ActiveCfg = Debug|Any CPU
		{8FB43051-BDA6-4093-BB20-CC47DA44897B}.Debug|Any CPU.Build.0 = Debug|Any CPU
		{8FB43051-BDA6-4093-BB20-CC47DA44897B}.Release|Any CPU.ActiveCfg = Release|Any CPU
		{8FB43051-BDA6-4093-BB20-CC47DA44897B}.Release|Any CPU.Build.0 = Release|Any CPU
	EndGlobalSection
	GlobalSection(SolutionProperties) = preSolution
		HideSolutionNode = FALSE
	EndGlobalSection
	GlobalSection(ExtensibilityGlobals) = postSolution
		SolutionGuid = {6E4FDDA5-7651-43AA-B5CE-4EB33E4B4EBB}
	EndGlobalSection
EndGlobal
